{
  "originHash" : "ae9f28937e0646813356389b17c615be04461979a9555708cc11cc167e0d2c80",
  "pins" : [
    {
      "identity" : "mlx-swift",
      "kind" : "remoteSourceControl",
      "location" : "https://github.com/ml-explore/mlx-swift",
      "state" : {
        "revision" : "dc43e62d7055353c7f99fa071a4e71d29dfddc44",
        "version" : "0.31.4"
      }
    },
    {
      "identity" : "mlxutilslibrary",
      "kind" : "remoteSourceControl",
      "location" : "https://github.com/KristopherGBaker/MLXUtilsLibrary",
      "state" : {
        "branch" : "kits-android",
        "revision" : "575119720c4cb81181f4e9412ece2f5b40902db1"
      }
    },
    {
      "identity" : "swift-numerics",
      "kind" : "remoteSourceControl",
      "location" : "https://github.com/apple/swift-numerics",
      "state" : {
        "revision" : "bbadd4b853a33fd78c4ae977d17bb2af15eb3f2a",
        "version" : "1.1.0"
      }
    },
    {
      "identity" : "zipfoundation",
      "kind" : "remoteSourceControl",
      "location" : "https://github.com/KristopherGBaker/ZIPFoundation",
      "state" : {
        "branch" : "kits-android",
        "revision" : "1f201cdfce33a09b472238a6ec3e43babb39d2de"
      }
    }
  ],
  "version" : 3
}
